
Microsoft Visual Studio Solution File, Format Version 12.00
# Visual Studio Version 17
Project("{2150E333-8FDC-42A3-9474-1A3956D46DE8}") = "CMakePredefinedTargets", "CMakePredefinedTargets", "{533CC830-4E9A-3B27-A266-80EE436D991F}"
EndProject
Project("{2150E333-8FDC-42A3-9474-1A3956D46DE8}") = "CTestDashboardTargets", "CTestDashboardTargets", "{30FCE981-E55E-3946-9ECE-D34C682EC83F}"
EndProject
Project("{8BC9CEB8-8B4A-11D0-8D11-00A0C91BC942}") = "ALL_BUILD", "ALL_BUILD.vcxproj", "{B8D74E59-D9A8-3E43-A5EA-F88231FD6BB3}"
	ProjectSection(ProjectDependencies) = postProject
		{B41F4CC4-12D3-3477-AEEA-311E4BF30026} = {B41F4CC4-12D3-3477-AEEA-311E4BF30026}
		{1B3BCF29-953E-312E-972B-EC2B094819DB} = {1B3BCF29-953E-312E-972B-EC2B094819DB}
	EndProjectSection
EndProject
Project("{8BC9CEB8-8B4A-11D0-8D11-00A0C91BC942}") = "Continuous", "Continuous.vcxproj", "{E46C2128-AC74-3B87-BBA7-49A108BCF71D}"
	ProjectSection(ProjectDependencies) = postProject
		{1B3BCF29-953E-312E-972B-EC2B094819DB} = {1B3BCF29-953E-312E-972B-EC2B094819DB}
	EndProjectSection
EndProject
Project("{8BC9CEB8-8B4A-11D0-8D11-00A0C91BC942}") = "Experimental", "Experimental.vcxproj", "{1A20B22D-65E9-3256-B931-3173DF7A6BCD}"
	ProjectSection(ProjectDependencies) = postProject
		{1B3BCF29-953E-312E-972B-EC2B094819DB} = {1B3BCF29-953E-312E-972B-EC2B094819DB}
	EndProjectSection
EndProject
Project("{8BC9CEB8-8B4A-11D0-8D11-00A0C91BC942}") = "MEC", "MEC.vcxproj", "{B41F4CC4-12D3-3477-AEEA-311E4BF30026}"
	ProjectSection(ProjectDependencies) = postProject
		{1B3BCF29-953E-312E-972B-EC2B094819DB} = {1B3BCF29-953E-312E-972B-EC2B094819DB}
	EndProjectSection
EndProject
Project("{8BC9CEB8-8B4A-11D0-8D11-00A0C91BC942}") = "Nightly", "Nightly.vcxproj", "{8D58A64E-D18A-3049-B17C-00D596E8A18C}"
	ProjectSection(ProjectDependencies) = postProject
		{1B3BCF29-953E-312E-972B-EC2B094819DB} = {1B3BCF29-953E-312E-972B-EC2B094819DB}
	EndProjectSection
EndProject
Project("{8BC9CEB8-8B4A-11D0-8D11-00A0C91BC942}") = "NightlyMemoryCheck", "NightlyMemoryCheck.vcxproj", "{490AE19D-5069-3B13-AA13-CED68FE3AD9C}"
	ProjectSection(ProjectDependencies) = postProject
		{1B3BCF29-953E-312E-972B-EC2B094819DB} = {1B3BCF29-953E-312E-972B-EC2B094819DB}
	EndProjectSection
EndProject
Project("{8BC9CEB8-8B4A-11D0-8D11-00A0C91BC942}") = "RUN_TESTS", "RUN_TESTS.vcxproj", "{89487BE8-2F88-3927-A9F8-53475EADD65C}"
	ProjectSection(ProjectDependencies) = postProject
		{1B3BCF29-953E-312E-972B-EC2B094819DB} = {1B3BCF29-953E-312E-972B-EC2B094819DB}
	EndProjectSection
EndProject
Project("{8BC9CEB8-8B4A-11D0-8D11-00A0C91BC942}") = "ZERO_CHECK", "ZERO_CHECK.vcxproj", "{1B3BCF29-953E-312E-972B-EC2B094819DB}"
	ProjectSection(ProjectDependencies) = postProject
	EndProjectSection
EndProject
Global
	GlobalSection(SolutionConfigurationPlatforms) = preSolution
		Debug|x64 = Debug|x64
		Release|x64 = Release|x64
		MinSizeRel|x64 = MinSizeRel|x64
		RelWithDebInfo|x64 = RelWithDebInfo|x64
	EndGlobalSection
	GlobalSection(ProjectConfigurationPlatforms) = postSolution
		{B8D74E59-D9A8-3E43-A5EA-F88231FD6BB3}.Debug|x64.ActiveCfg = Debug|x64
		{B8D74E59-D9A8-3E43-A5EA-F88231FD6BB3}.Release|x64.ActiveCfg = Release|x64
		{B8D74E59-D9A8-3E43-A5EA-F88231FD6BB3}.MinSizeRel|x64.ActiveCfg = MinSizeRel|x64
		{B8D74E59-D9A8-3E43-A5EA-F88231FD6BB3}.RelWithDebInfo|x64.ActiveCfg = RelWithDebInfo|x64
		{E46C2128-AC74-3B87-BBA7-49A108BCF71D}.Debug|x64.ActiveCfg = Debug|x64
		{E46C2128-AC74-3B87-BBA7-49A108BCF71D}.Release|x64.ActiveCfg = Release|x64
		{E46C2128-AC74-3B87-BBA7-49A108BCF71D}.MinSizeRel|x64.ActiveCfg = MinSizeRel|x64
		{E46C2128-AC74-3B87-BBA7-49A108BCF71D}.RelWithDebInfo|x64.ActiveCfg = RelWithDebInfo|x64
		{1A20B22D-65E9-3256-B931-3173DF7A6BCD}.Debug|x64.ActiveCfg = Debug|x64
		{1A20B22D-65E9-3256-B931-3173DF7A6BCD}.Release|x64.ActiveCfg = Release|x64
		{1A20B22D-65E9-3256-B931-3173DF7A6BCD}.MinSizeRel|x64.ActiveCfg = MinSizeRel|x64
		{1A20B22D-65E9-3256-B931-3173DF7A6BCD}.RelWithDebInfo|x64.ActiveCfg = RelWithDebInfo|x64
		{B41F4CC4-12D3-3477-AEEA-311E4BF30026}.Debug|x64.ActiveCfg = Debug|x64
		{B41F4CC4-12D3-3477-AEEA-311E4BF30026}.Debug|x64.Build.0 = Debug|x64
		{B41F4CC4-12D3-3477-AEEA-311E4BF30026}.Release|x64.ActiveCfg = Release|x64
		{B41F4CC4-12D3-3477-AEEA-311E4BF30026}.Release|x64.Build.0 = Release|x64
		{B41F4CC4-12D3-3477-AEEA-311E4BF30026}.MinSizeRel|x64.ActiveCfg = MinSizeRel|x64
		{B41F4CC4-12D3-3477-AEEA-311E4BF30026}.MinSizeRel|x64.Build.0 = MinSizeRel|x64
		{B41F4CC4-12D3-3477-AEEA-311E4BF30026}.RelWithDebInfo|x64.ActiveCfg = RelWithDebInfo|x64
		{B41F4CC4-12D3-3477-AEEA-311E4BF30026}.RelWithDebInfo|x64.Build.0 = RelWithDebInfo|x64
		{8D58A64E-D18A-3049-B17C-00D596E8A18C}.Debug|x64.ActiveCfg = Debug|x64
		{8D58A64E-D18A-3049-B17C-00D596E8A18C}.Release|x64.ActiveCfg = Release|x64
		{8D58A64E-D18A-3049-B17C-00D596E8A18C}.MinSizeRel|x64.ActiveCfg = MinSizeRel|x64
		{8D58A64E-D18A-3049-B17C-00D596E8A18C}.RelWithDebInfo|x64.ActiveCfg = RelWithDebInfo|x64
		{490AE19D-5069-3B13-AA13-CED68FE3AD9C}.Debug|x64.ActiveCfg = Debug|x64
		{490AE19D-5069-3B13-AA13-CED68FE3AD9C}.Release|x64.ActiveCfg = Release|x64
		{490AE19D-5069-3B13-AA13-CED68FE3AD9C}.MinSizeRel|x64.ActiveCfg = MinSizeRel|x64
		{490AE19D-5069-3B13-AA13-CED68FE3AD9C}.RelWithDebInfo|x64.ActiveCfg = RelWithDebInfo|x64
		{89487BE8-2F88-3927-A9F8-53475EADD65C}.Debug|x64.ActiveCfg = Debug|x64
		{89487BE8-2F88-3927-A9F8-53475EADD65C}.Release|x64.ActiveCfg = Release|x64
		{89487BE8-2F88-3927-A9F8-53475EADD65C}.MinSizeRel|x64.ActiveCfg = MinSizeRel|x64
		{89487BE8-2F88-3927-A9F8-53475EADD65C}.RelWithDebInfo|x64.ActiveCfg = RelWithDebInfo|x64
		{1B3BCF29-953E-312E-972B-EC2B094819DB}.Debug|x64.ActiveCfg = Debug|x64
		{1B3BCF29-953E-312E-972B-EC2B094819DB}.Debug|x64.Build.0 = Debug|x64
		{1B3BCF29-953E-312E-972B-EC2B094819DB}.Release|x64.ActiveCfg = Release|x64
		{1B3BCF29-953E-312E-972B-EC2B094819DB}.Release|x64.Build.0 = Release|x64
		{1B3BCF29-953E-312E-972B-EC2B094819DB}.MinSizeRel|x64.ActiveCfg = MinSizeRel|x64
		{1B3BCF29-953E-312E-972B-EC2B094819DB}.MinSizeRel|x64.Build.0 = MinSizeRel|x64
		{1B3BCF29-953E-312E-972B-EC2B094819DB}.RelWithDebInfo|x64.ActiveCfg = RelWithDebInfo|x64
		{1B3BCF29-953E-312E-972B-EC2B094819DB}.RelWithDebInfo|x64.Build.0 = RelWithDebInfo|x64
	EndGlobalSection
	GlobalSection(NestedProjects) = preSolution
		{B8D74E59-D9A8-3E43-A5EA-F88231FD6BB3} = {533CC830-4E9A-3B27-A266-80EE436D991F}
		{89487BE8-2F88-3927-A9F8-53475EADD65C} = {533CC830-4E9A-3B27-A266-80EE436D991F}
		{1B3BCF29-953E-312E-972B-EC2B094819DB} = {533CC830-4E9A-3B27-A266-80EE436D991F}
		{E46C2128-AC74-3B87-BBA7-49A108BCF71D} = {30FCE981-E55E-3946-9ECE-D34C682EC83F}
		{1A20B22D-65E9-3256-B931-3173DF7A6BCD} = {30FCE981-E55E-3946-9ECE-D34C682EC83F}
		{8D58A64E-D18A-3049-B17C-00D596E8A18C} = {30FCE981-E55E-3946-9ECE-D34C682EC83F}
		{490AE19D-5069-3B13-AA13-CED68FE3AD9C} = {30FCE981-E55E-3946-9ECE-D34C682EC83F}
	EndGlobalSection
	GlobalSection(ExtensibilityGlobals) = postSolution
		SolutionGuid = {536E6A96-79E9-3555-83F2-EDB286DE19E3}
	EndGlobalSection
	GlobalSection(ExtensibilityAddIns) = postSolution
	EndGlobalSection
EndGlobal
