<?xml version="1.0" encoding="utf-8"?>
<Project ToolsVersion="17.0" xmlns="http://schemas.microsoft.com/developer/msbuild/2003">
  <ItemGroup>
    <CustomBuild Include="C:\Software\MECAndCheese\_build\CMakeFiles\b053fb0e942f0539cd3ee77bcfde434d\RUN_TESTS_force.rule">
      <Filter>CMake Rules</Filter>
    </CustomBuild>
  </ItemGroup>
  <ItemGroup>
    <Filter Include="CMake Rules">
      <UniqueIdentifier>{928F2A6F-09BD-3581-8246-8B6795BF580C}</UniqueIdentifier>
    </Filter>
  </ItemGroup>
</Project>
